PODS:
  - TWSwiftProtobuf (1.28.2)

DEPENDENCIES:
  - TWSwiftProtobuf (from `TWSwiftProtobuf.podspec`)

EXTERNAL SOURCES:
  TWSwiftProtobuf:
    :podspec: TWSwiftProtobuf.podspec

SPEC CHECKSUMS:
  TWSwiftProtobuf: 6ce3d3b3899a76ae9219a87d3e980a896bbf0f6b

PODFILE CHECKSUM: 3f07a34852b9957137f600a69cfb61f90652ddd9

COCOAPODS: 1.16.2
